// !$*UTF8*$!
{
	archiveVersion = 1;
	classes = {
	};
	objectVersion = 52;
	objects = {

/* Begin PBXBuildFile section */
		030C959B26B6BFC30057ACFB /* LUTs.swift in Sources */ = {isa = PBXBuildFile; fileRef = 030C959A26B6BFC30057ACFB /* LUTs.swift */; };
		03421F852673952B00178BDB /* LinesView.swift in Sources */ = {isa = PBXBuildFile; fileRef = 03421F842673952B00178BDB /* LinesView.swift */; };
		03421F872679971F00178BDB /* Utilities.swift in Sources */ = {isa = PBXBuildFile; fileRef = 03421F862679971F00178BDB /* Utilities.swift */; };
		03421F89267A0E0F00178BDB /* Detector.swift in Sources */ = {isa = PBXBuildFile; fileRef = 03421F88267A0E0F00178BDB /* Detector.swift */; };
		03670B0A26666C85006C7408 /* SliderView.swift in Sources */ = {isa = PBXBuildFile; fileRef = 03670B0926666C85006C7408 /* SliderView.swift */; };
		036B3F5C269BFE390022729D /* FrameView.swift in Sources */ = {isa = PBXBuildFile; fileRef = 036B3F5B269BFE390022729D /* FrameView.swift */; };
		037DAA1826B396E7004A7E7C /* SplashView.swift in Sources */ = {isa = PBXBuildFile; fileRef = 037DAA1726B396E7004A7E7C /* SplashView.swift */; };
		03896030264F10F1008FC4AF /* Inspiration_4_SandboxApp.swift in Sources */ = {isa = PBXBuildFile; fileRef = 0389602F264F10F1008FC4AF /* Inspiration_4_SandboxApp.swift */; };
		03896032264F10F1008FC4AF /* ContentView.swift in Sources */ = {isa = PBXBuildFile; fileRef = 03896031264F10F1008FC4AF /* ContentView.swift */; };
		03896034264F10F2008FC4AF /* Assets.xcassets in Resources */ = {isa = PBXBuildFile; fileRef = 03896033264F10F2008FC4AF /* Assets.xcassets */; };
		03896037264F10F2008FC4AF /* Preview Assets.xcassets in Resources */ = {isa = PBXBuildFile; fileRef = 03896036264F10F2008FC4AF /* Preview Assets.xcassets */; };
		0389605B264F1C39008FC4AF /* NoConnection.swift in Sources */ = {isa = PBXBuildFile; fileRef = 0389605A264F1C39008FC4AF /* NoConnection.swift */; };
		0389605D265BEEBD008FC4AF /* GraphView.swift in Sources */ = {isa = PBXBuildFile; fileRef = 0389605C265BEEBD008FC4AF /* GraphView.swift */; };
		03896060265BF084008FC4AF /* GaugeView.swift in Sources */ = {isa = PBXBuildFile; fileRef = 0389605F265BF084008FC4AF /* GaugeView.swift */; };
		03ABA650268452EC00D734A0 /* IndicatorLamp.swift in Sources */ = {isa = PBXBuildFile; fileRef = 03ABA64F268452EC00D734A0 /* IndicatorLamp.swift */; };
		03ABA652268D0FA800D734A0 /* StatisticArray.swift in Sources */ = {isa = PBXBuildFile; fileRef = 03ABA651268D0FA800D734A0 /* StatisticArray.swift */; };
		03ABA658268D82EA00D734A0 /* Statistic.swift in Sources */ = {isa = PBXBuildFile; fileRef = 03ABA657268D82EA00D734A0 /* Statistic.swift */; };
		03AD542C27E11E4200767423 /* aggregated.csv in Resources */ = {isa = PBXBuildFile; fileRef = 03AD542B27E11E4200767423 /* aggregated.csv */; };
		03AE744D2733924E009366B7 /* test.swift in Sources */ = {isa = PBXBuildFile; fileRef = 03AE744C2733924E009366B7 /* test.swift */; };
		03AE744F27371685009366B7 /* SettingsView.swift in Sources */ = {isa = PBXBuildFile; fileRef = 03AE744E27371685009366B7 /* SettingsView.swift */; };
		03AE7451273A492B009366B7 /* Config.swift in Sources */ = {isa = PBXBuildFile; fileRef = 03AE7450273A492B009366B7 /* Config.swift */; };
		03C5DFAE27E2979800FB3F7C /* ZIPFoundation in Frameworks */ = {isa = PBXBuildFile; productRef = 03C5DFAD27E2979800FB3F7C /* ZIPFoundation */; };
		03C5DFB027E30BE000FB3F7C /* Store.swift in Sources */ = {isa = PBXBuildFile; fileRef = 03C5DFAF27E30BE000FB3F7C /* Store.swift */; };
		03C5DFB327E31E3000FB3F7C /* StatusView.swift in Sources */ = {isa = PBXBuildFile; fileRef = 03C5DFB227E31E3000FB3F7C /* StatusView.swift */; };
		03C5DFB527E31F1400FB3F7C /* MeasurementSettingsView.swift in Sources */ = {isa = PBXBuildFile; fileRef = 03C5DFB427E31F1400FB3F7C /* MeasurementSettingsView.swift */; };
		03CD116B2712BE8200BF89B5 /* DialView.swift in Sources */ = {isa = PBXBuildFile; fileRef = 03CD116A2712BE8200BF89B5 /* DialView.swift */; };
		03D133D827E106B800CF971C /* GRDB in Frameworks */ = {isa = PBXBuildFile; productRef = 03D133D727E106B800CF971C /* GRDB */; };
/* End PBXBuildFile section */

/* Begin PBXFileReference section */
		030C959A26B6BFC30057ACFB /* LUTs.swift */ = {isa = PBXFileReference; lastKnownFileType = sourcecode.swift; path = LUTs.swift; sourceTree = "<group>"; };
		0337464C26B59536001D4E77 /* Ergz.entitlements */ = {isa = PBXFileReference; lastKnownFileType = text.plist.entitlements; path = Ergz.entitlements; sourceTree = "<group>"; };
		03421F842673952B00178BDB /* LinesView.swift */ = {isa = PBXFileReference; lastKnownFileType = sourcecode.swift; path = LinesView.swift; sourceTree = "<group>"; };
		03421F862679971F00178BDB /* Utilities.swift */ = {isa = PBXFileReference; lastKnownFileType = sourcecode.swift; path = Utilities.swift; sourceTree = "<group>"; };
		03421F88267A0E0F00178BDB /* Detector.swift */ = {isa = PBXFileReference; lastKnownFileType = sourcecode.swift; path = Detector.swift; sourceTree = "<group>"; };
		03670B0926666C85006C7408 /* SliderView.swift */ = {isa = PBXFileReference; lastKnownFileType = sourcecode.swift; path = SliderView.swift; sourceTree = "<group>"; };
		036B3F5B269BFE390022729D /* FrameView.swift */ = {isa = PBXFileReference; lastKnownFileType = sourcecode.swift; path = FrameView.swift; sourceTree = "<group>"; };
		037DAA1726B396E7004A7E7C /* SplashView.swift */ = {isa = PBXFileReference; lastKnownFileType = sourcecode.swift; path = SplashView.swift; sourceTree = "<group>"; };
		0389602C264F10F1008FC4AF /* Ergz.app */ = {isa = PBXFileReference; explicitFileType = wrapper.application; includeInIndex = 0; path = Ergz.app; sourceTree = BUILT_PRODUCTS_DIR; };
		0389602F264F10F1008FC4AF /* Inspiration_4_SandboxApp.swift */ = {isa = PBXFileReference; lastKnownFileType = sourcecode.swift; path = Inspiration_4_SandboxApp.swift; sourceTree = "<group>"; };
		03896031264F10F1008FC4AF /* ContentView.swift */ = {isa = PBXFileReference; lastKnownFileType = sourcecode.swift; path = ContentView.swift; sourceTree = "<group>"; };
		03896033264F10F2008FC4AF /* Assets.xcassets */ = {isa = PBXFileReference; lastKnownFileType = folder.assetcatalog; path = Assets.xcassets; sourceTree = "<group>"; };
		03896036264F10F2008FC4AF /* Preview Assets.xcassets */ = {isa = PBXFileReference; lastKnownFileType = folder.assetcatalog; path = "Preview Assets.xcassets"; sourceTree = "<group>"; };
		03896038264F10F2008FC4AF /* Info.plist */ = {isa = PBXFileReference; lastKnownFileType = text.plist.xml; path = Info.plist; sourceTree = "<group>"; };
		0389605A264F1C39008FC4AF /* NoConnection.swift */ = {isa = PBXFileReference; lastKnownFileType = sourcecode.swift; path = NoConnection.swift; sourceTree = "<group>"; };
		0389605C265BEEBD008FC4AF /* GraphView.swift */ = {isa = PBXFileReference; lastKnownFileType = sourcecode.swift; path = GraphView.swift; sourceTree = "<group>"; };
		0389605F265BF084008FC4AF /* GaugeView.swift */ = {isa = PBXFileReference; lastKnownFileType = sourcecode.swift; path = GaugeView.swift; sourceTree = "<group>"; };
		03ABA64F268452EC00D734A0 /* IndicatorLamp.swift */ = {isa = PBXFileReference; lastKnownFileType = sourcecode.swift; path = IndicatorLamp.swift; sourceTree = "<group>"; };
		03ABA651268D0FA800D734A0 /* StatisticArray.swift */ = {isa = PBXFileReference; lastKnownFileType = sourcecode.swift; path = StatisticArray.swift; sourceTree = "<group>"; };
		03ABA657268D82EA00D734A0 /* Statistic.swift */ = {isa = PBXFileReference; lastKnownFileType = sourcecode.swift; path = Statistic.swift; sourceTree = "<group>"; };
		03AD542B27E11E4200767423 /* aggregated.csv */ = {isa = PBXFileReference; lastKnownFileType = text; path = aggregated.csv; sourceTree = "<group>"; };
		03AE744C2733924E009366B7 /* test.swift */ = {isa = PBXFileReference; lastKnownFileType = sourcecode.swift; path = test.swift; sourceTree = "<group>"; };
		03AE744E27371685009366B7 /* SettingsView.swift */ = {isa = PBXFileReference; lastKnownFileType = sourcecode.swift; path = SettingsView.swift; sourceTree = "<group>"; };
		03AE7450273A492B009366B7 /* Config.swift */ = {isa = PBXFileReference; lastKnownFileType = sourcecode.swift; path = Config.swift; sourceTree = "<group>"; };
		03C5DFAF27E30BE000FB3F7C /* Store.swift */ = {isa = PBXFileReference; lastKnownFileType = sourcecode.swift; path = Store.swift; sourceTree = "<group>"; };
		03C5DFB227E31E3000FB3F7C /* StatusView.swift */ = {isa = PBXFileReference; lastKnownFileType = sourcecode.swift; path = StatusView.swift; sourceTree = "<group>"; };
		03C5DFB427E31F1400FB3F7C /* MeasurementSettingsView.swift */ = {isa = PBXFileReference; lastKnownFileType = sourcecode.swift; path = MeasurementSettingsView.swift; sourceTree = "<group>"; };
		03CD116A2712BE8200BF89B5 /* DialView.swift */ = {isa = PBXFileReference; lastKnownFileType = sourcecode.swift; path = DialView.swift; sourceTree = "<group>"; };
/* End PBXFileReference section */

/* Begin PBXFrameworksBuildPhase section */
		03896029264F10F1008FC4AF /* Frameworks */ = {
			isa = PBXFrameworksBuildPhase;
			buildActionMask = 2147483647;
			files = (
				03D133D827E106B800CF971C /* GRDB in Frameworks */,
				03C5DFAE27E2979800FB3F7C /* ZIPFoundation in Frameworks */,
			);
			runOnlyForDeploymentPostprocessing = 0;
		};
/* End PBXFrameworksBuildPhase section */

/* Begin PBXGroup section */
		03896023264F10F1008FC4AF = {
			isa = PBXGroup;
			children = (
				0389602E264F10F1008FC4AF /* Ergz */,
				0389602D264F10F1008FC4AF /* Products */,
				03D133D627E106B800CF971C /* Frameworks */,
			);
			sourceTree = "<group>";
		};
		0389602D264F10F1008FC4AF /* Products */ = {
			isa = PBXGroup;
			children = (
				0389602C264F10F1008FC4AF /* Ergz.app */,
			);
			name = Products;
			sourceTree = "<group>";
		};
		0389602E264F10F1008FC4AF /* Ergz */ = {
			isa = PBXGroup;
			children = (
				03AD542B27E11E4200767423 /* aggregated.csv */,
				0337464C26B59536001D4E77 /* Ergz.entitlements */,
				0389602F264F10F1008FC4AF /* Inspiration_4_SandboxApp.swift */,
				03AE744C2733924E009366B7 /* test.swift */,
				03421F862679971F00178BDB /* Utilities.swift */,
				03C5DFB127E30E2F00FB3F7C /* Environment */,
				0389605E265BEF82008FC4AF /* Views */,
				03896033264F10F2008FC4AF /* Assets.xcassets */,
				03896038264F10F2008FC4AF /* Info.plist */,
				03896035264F10F2008FC4AF /* Preview Content */,
				030C959A26B6BFC30057ACFB /* LUTs.swift */,
			);
			path = Ergz;
			sourceTree = "<group>";
		};
		03896035264F10F2008FC4AF /* Preview Content */ = {
			isa = PBXGroup;
			children = (
				03896036264F10F2008FC4AF /* Preview Assets.xcassets */,
			);
			path = "Preview Content";
			sourceTree = "<group>";
		};
		0389605E265BEF82008FC4AF /* Views */ = {
			isa = PBXGroup;
			children = (
				0389605C265BEEBD008FC4AF /* GraphView.swift */,
				0389605F265BF084008FC4AF /* GaugeView.swift */,
				0389605A264F1C39008FC4AF /* NoConnection.swift */,
				03896031264F10F1008FC4AF /* ContentView.swift */,
				03670B0926666C85006C7408 /* SliderView.swift */,
				03C5DFB427E31F1400FB3F7C /* MeasurementSettingsView.swift */,
				03C5DFB227E31E3000FB3F7C /* StatusView.swift */,
				03421F842673952B00178BDB /* LinesView.swift */,
				03ABA64F268452EC00D734A0 /* IndicatorLamp.swift */,
				03ABA651268D0FA800D734A0 /* StatisticArray.swift */,
				03ABA657268D82EA00D734A0 /* Statistic.swift */,
				036B3F5B269BFE390022729D /* FrameView.swift */,
				037DAA1726B396E7004A7E7C /* SplashView.swift */,
				03CD116A2712BE8200BF89B5 /* DialView.swift */,
				03AE744E27371685009366B7 /* SettingsView.swift */,
			);
			path = Views;
			sourceTree = "<group>";
		};
		03C5DFB127E30E2F00FB3F7C /* Environment */ = {
			isa = PBXGroup;
			children = (
				03421F88267A0E0F00178BDB /* Detector.swift */,
				03C5DFAF27E30BE000FB3F7C /* Store.swift */,
				03AE7450273A492B009366B7 /* Config.swift */,
			);
			path = Environment;
			sourceTree = "<group>";
		};
		03D133D627E106B800CF971C /* Frameworks */ = {
			isa = PBXGroup;
			children = (
			);
			name = Frameworks;
			sourceTree = "<group>";
		};
/* End PBXGroup section */

/* Begin PBXNativeTarget section */
		0389602B264F10F1008FC4AF /* Ergz */ = {
			isa = PBXNativeTarget;
			buildConfigurationList = 03896051264F10F3008FC4AF /* Build configuration list for PBXNativeTarget "Ergz" */;
			buildPhases = (
				03896028264F10F1008FC4AF /* Sources */,
				03896029264F10F1008FC4AF /* Frameworks */,
				0389602A264F10F1008FC4AF /* Resources */,
			);
			buildRules = (
			);
			dependencies = (
				03C5DFAB27E11F2800FB3F7C /* PBXTargetDependency */,
			);
			name = Ergz;
			packageProductDependencies = (
				03D133D727E106B800CF971C /* GRDB */,
				03C5DFAD27E2979800FB3F7C /* ZIPFoundation */,
			);
			productName = "Inspiration 4 Sandbox";
			productReference = 0389602C264F10F1008FC4AF /* Ergz.app */;
			productType = "com.apple.product-type.application";
		};
/* End PBXNativeTarget section */

/* Begin PBXProject section */
		03896024264F10F1008FC4AF /* Project object */ = {
			isa = PBXProject;
			attributes = {
				LastSwiftUpdateCheck = 1250;
				LastUpgradeCheck = 1250;
				TargetAttributes = {
					0389602B264F10F1008FC4AF = {
						CreatedOnToolsVersion = 12.5;
						LastSwiftMigration = 1300;
					};
				};
			};
			buildConfigurationList = 03896027264F10F1008FC4AF /* Build configuration list for PBXProject "Ergz" */;
			compatibilityVersion = "Xcode 9.3";
			developmentRegion = en;
			hasScannedForEncodings = 0;
			knownRegions = (
				en,
				Base,
			);
			mainGroup = 03896023264F10F1008FC4AF;
			packageReferences = (
				03D133D327E1068600CF971C /* XCRemoteSwiftPackageReference "GRDB" */,
				03C5DFAC27E2979800FB3F7C /* XCRemoteSwiftPackageReference "ZIPFoundation" */,
			);
			productRefGroup = 0389602D264F10F1008FC4AF /* Products */;
			projectDirPath = "";
			projectRoot = "";
			targets = (
				0389602B264F10F1008FC4AF /* Ergz */,
			);
		};
/* End PBXProject section */

/* Begin PBXResourcesBuildPhase section */
		0389602A264F10F1008FC4AF /* Resources */ = {
			isa = PBXResourcesBuildPhase;
			buildActionMask = 2147483647;
			files = (
				03AD542C27E11E4200767423 /* aggregated.csv in Resources */,
				03896037264F10F2008FC4AF /* Preview Assets.xcassets in Resources */,
				03896034264F10F2008FC4AF /* Assets.xcassets in Resources */,
			);
			runOnlyForDeploymentPostprocessing = 0;
		};
/* End PBXResourcesBuildPhase section */

/* Begin PBXSourcesBuildPhase section */
		03896028264F10F1008FC4AF /* Sources */ = {
			isa = PBXSourcesBuildPhase;
			buildActionMask = 2147483647;
			files = (
				03421F852673952B00178BDB /* LinesView.swift in Sources */,
				03AE744D2733924E009366B7 /* test.swift in Sources */,
				03ABA652268D0FA800D734A0 /* StatisticArray.swift in Sources */,
				03AE744F27371685009366B7 /* SettingsView.swift in Sources */,
				03AE7451273A492B009366B7 /* Config.swift in Sources */,
				03896060265BF084008FC4AF /* GaugeView.swift in Sources */,
				0389605B264F1C39008FC4AF /* NoConnection.swift in Sources */,
				03670B0A26666C85006C7408 /* SliderView.swift in Sources */,
				03ABA650268452EC00D734A0 /* IndicatorLamp.swift in Sources */,
				03C5DFB027E30BE000FB3F7C /* Store.swift in Sources */,
				03ABA658268D82EA00D734A0 /* Statistic.swift in Sources */,
				03C5DFB327E31E3000FB3F7C /* StatusView.swift in Sources */,
				03896032264F10F1008FC4AF /* ContentView.swift in Sources */,
				03896030264F10F1008FC4AF /* Inspiration_4_SandboxApp.swift in Sources */,
				03421F872679971F00178BDB /* Utilities.swift in Sources */,
				0389605D265BEEBD008FC4AF /* GraphView.swift in Sources */,
				03C5DFB527E31F1400FB3F7C /* MeasurementSettingsView.swift in Sources */,
				03421F89267A0E0F00178BDB /* Detector.swift in Sources */,
				036B3F5C269BFE390022729D /* FrameView.swift in Sources */,
				030C959B26B6BFC30057ACFB /* LUTs.swift in Sources */,
				03CD116B2712BE8200BF89B5 /* DialView.swift in Sources */,
				037DAA1826B396E7004A7E7C /* SplashView.swift in Sources */,
			);
			runOnlyForDeploymentPostprocessing = 0;
		};
/* End PBXSourcesBuildPhase section */

/* Begin PBXTargetDependency section */
		03C5DFAB27E11F2800FB3F7C /* PBXTargetDependency */ = {
			isa = PBXTargetDependency;
			productRef = 03C5DFAA27E11F2800FB3F7C /* GRDB */;
		};
/* End PBXTargetDependency section */

/* Begin XCBuildConfiguration section */
		0389604F264F10F3008FC4AF /* Debug */ = {
			isa = XCBuildConfiguration;
			buildSettings = {
				ALWAYS_SEARCH_USER_PATHS = NO;
				CLANG_ANALYZER_NONNULL = YES;
				CLANG_ANALYZER_NUMBER_OBJECT_CONVERSION = YES_AGGRESSIVE;
				CLANG_CXX_LANGUAGE_STANDARD = "gnu++14";
				CLANG_CXX_LIBRARY = "libc++";
				CLANG_ENABLE_MODULES = YES;
				CLANG_ENABLE_OBJC_ARC = YES;
				CLANG_ENABLE_OBJC_WEAK = YES;
				CLANG_WARN_BLOCK_CAPTURE_AUTORELEASING = YES;
				CLANG_WARN_BOOL_CONVERSION = YES;
				CLANG_WARN_COMMA = YES;
				CLANG_WARN_CONSTANT_CONVERSION = YES;
				CLANG_WARN_DEPRECATED_OBJC_IMPLEMENTATIONS = YES;
				CLANG_WARN_DIRECT_OBJC_ISA_USAGE = YES_ERROR;
				CLANG_WARN_DOCUMENTATION_COMMENTS = YES;
				CLANG_WARN_EMPTY_BODY = YES;
				CLANG_WARN_ENUM_CONVERSION = YES;
				CLANG_WARN_INFINITE_RECURSION = YES;
				CLANG_WARN_INT_CONVERSION = YES;
				CLANG_WARN_NON_LITERAL_NULL_CONVERSION = YES;
				CLANG_WARN_OBJC_IMPLICIT_RETAIN_SELF = YES;
				CLANG_WARN_OBJC_LITERAL_CONVERSION = YES;
				CLANG_WARN_OBJC_ROOT_CLASS = YES_ERROR;
				CLANG_WARN_QUOTED_INCLUDE_IN_FRAMEWORK_HEADER = YES;
				CLANG_WARN_RANGE_LOOP_ANALYSIS = YES;
				CLANG_WARN_STRICT_PROTOTYPES = YES;
				CLANG_WARN_SUSPICIOUS_MOVE = YES;
				CLANG_WARN_UNGUARDED_AVAILABILITY = YES_AGGRESSIVE;
				CLANG_WARN_UNREACHABLE_CODE = YES;
				CLANG_WARN__DUPLICATE_METHOD_MATCH = YES;
				COPY_PHASE_STRIP = NO;
				DEBUG_INFORMATION_FORMAT = dwarf;
				ENABLE_STRICT_OBJC_MSGSEND = YES;
				ENABLE_TESTABILITY = YES;
				GCC_C_LANGUAGE_STANDARD = gnu11;
				GCC_DYNAMIC_NO_PIC = NO;
				GCC_NO_COMMON_BLOCKS = YES;
				GCC_OPTIMIZATION_LEVEL = 0;
				GCC_PREPROCESSOR_DEFINITIONS = (
					"DEBUG=1",
					"$(inherited)",
				);
				GCC_WARN_64_TO_32_BIT_CONVERSION = YES;
				GCC_WARN_ABOUT_RETURN_TYPE = YES_ERROR;
				GCC_WARN_UNDECLARED_SELECTOR = YES;
				GCC_WARN_UNINITIALIZED_AUTOS = YES_AGGRESSIVE;
				GCC_WARN_UNUSED_FUNCTION = YES;
				GCC_WARN_UNUSED_VARIABLE = YES;
				IPHONEOS_DEPLOYMENT_TARGET = 14.5;
				MTL_ENABLE_DEBUG_INFO = INCLUDE_SOURCE;
				MTL_FAST_MATH = YES;
				ONLY_ACTIVE_ARCH = YES;
				OTHER_SWIFT_FLAGS = "";
				SDKROOT = iphoneos;
				SWIFT_ACTIVE_COMPILATION_CONDITIONS = DEBUG;
				SWIFT_OPTIMIZATION_LEVEL = "-Onone";
				SWIFT_PRECOMPILE_BRIDGING_HEADER = YES;
			};
			name = Debug;
		};
		03896050264F10F3008FC4AF /* Release */ = {
			isa = XCBuildConfiguration;
			buildSettings = {
				ALWAYS_SEARCH_USER_PATHS = NO;
				CLANG_ANALYZER_NONNULL = YES;
				CLANG_ANALYZER_NUMBER_OBJECT_CONVERSION = YES_AGGRESSIVE;
				CLANG_CXX_LANGUAGE_STANDARD = "gnu++14";
				CLANG_CXX_LIBRARY = "libc++";
				CLANG_ENABLE_MODULES = YES;
				CLANG_ENABLE_OBJC_ARC = YES;
				CLANG_ENABLE_OBJC_WEAK = YES;
				CLANG_WARN_BLOCK_CAPTURE_AUTORELEASING = YES;
				CLANG_WARN_BOOL_CONVERSION = YES;
				CLANG_WARN_COMMA = YES;
				CLANG_WARN_CONSTANT_CONVERSION = YES;
				CLANG_WARN_DEPRECATED_OBJC_IMPLEMENTATIONS = YES;
				CLANG_WARN_DIRECT_OBJC_ISA_USAGE = YES_ERROR;
				CLANG_WARN_DOCUMENTATION_COMMENTS = YES;
				CLANG_WARN_EMPTY_BODY = YES;
				CLANG_WARN_ENUM_CONVERSION = YES;
				CLANG_WARN_INFINITE_RECURSION = YES;
				CLANG_WARN_INT_CONVERSION = YES;
				CLANG_WARN_NON_LITERAL_NULL_CONVERSION = YES;
				CLANG_WARN_OBJC_IMPLICIT_RETAIN_SELF = YES;
				CLANG_WARN_OBJC_LITERAL_CONVERSION = YES;
				CLANG_WARN_OBJC_ROOT_CLASS = YES_ERROR;
				CLANG_WARN_QUOTED_INCLUDE_IN_FRAMEWORK_HEADER = YES;
				CLANG_WARN_RANGE_LOOP_ANALYSIS = YES;
				CLANG_WARN_STRICT_PROTOTYPES = YES;
				CLANG_WARN_SUSPICIOUS_MOVE = YES;
				CLANG_WARN_UNGUARDED_AVAILABILITY = YES_AGGRESSIVE;
				CLANG_WARN_UNREACHABLE_CODE = YES;
				CLANG_WARN__DUPLICATE_METHOD_MATCH = YES;
				COPY_PHASE_STRIP = NO;
				DEBUG_INFORMATION_FORMAT = "dwarf-with-dsym";
				ENABLE_NS_ASSERTIONS = NO;
				ENABLE_STRICT_OBJC_MSGSEND = YES;
				GCC_C_LANGUAGE_STANDARD = gnu11;
				GCC_NO_COMMON_BLOCKS = YES;
				GCC_WARN_64_TO_32_BIT_CONVERSION = YES;
				GCC_WARN_ABOUT_RETURN_TYPE = YES_ERROR;
				GCC_WARN_UNDECLARED_SELECTOR = YES;
				GCC_WARN_UNINITIALIZED_AUTOS = YES_AGGRESSIVE;
				GCC_WARN_UNUSED_FUNCTION = YES;
				GCC_WARN_UNUSED_VARIABLE = YES;
				IPHONEOS_DEPLOYMENT_TARGET = 14.5;
				MTL_ENABLE_DEBUG_INFO = NO;
				MTL_FAST_MATH = YES;
				OTHER_SWIFT_FLAGS = "";
				SDKROOT = iphoneos;
				SWIFT_COMPILATION_MODE = wholemodule;
				SWIFT_OPTIMIZATION_LEVEL = "-O";
				SWIFT_PRECOMPILE_BRIDGING_HEADER = YES;
				VALIDATE_PRODUCT = YES;
			};
			name = Release;
		};
		03896052264F10F3008FC4AF /* Debug */ = {
			isa = XCBuildConfiguration;
			buildSettings = {
				ASSETCATALOG_COMPILER_APPICON_NAME = AppIcon;
				ASSETCATALOG_COMPILER_GLOBAL_ACCENT_COLOR_NAME = AccentColor;
				CLANG_ENABLE_MODULES = YES;
				CODE_SIGN_ENTITLEMENTS = Ergz/Ergz.entitlements;
				CODE_SIGN_IDENTITY = "Apple Development";
				CODE_SIGN_STYLE = Automatic;
				CURRENT_PROJECT_VERSION = 4;
				DEVELOPMENT_ASSET_PATHS = "\"Ergz/Preview Content\"";
				DEVELOPMENT_TEAM = L4ZJSHSGN8;
				ENABLE_PREVIEWS = YES;
				INFOPLIST_FILE = Ergz/Info.plist;
				IPHONEOS_DEPLOYMENT_TARGET = 15.0;
				LD_RUNPATH_SEARCH_PATHS = (
					"$(inherited)",
					"@executable_path/Frameworks",
				);
				MARKETING_VERSION = 4.0;
				PRODUCT_BUNDLE_IDENTIFIER = space.chancellor.ergz;
				PRODUCT_NAME = "$(TARGET_NAME)";
				PROVISIONING_PROFILE_SPECIFIER = "";
				SWIFT_OBJC_BRIDGING_HEADER = "";
				SWIFT_OPTIMIZATION_LEVEL = "-Onone";
				SWIFT_VERSION = 5.0;
				TARGETED_DEVICE_FAMILY = "1,2";
			};
			name = Debug;
		};
		03896053264F10F3008FC4AF /* Release */ = {
			isa = XCBuildConfiguration;
			buildSettings = {
				ASSETCATALOG_COMPILER_APPICON_NAME = AppIcon;
				ASSETCATALOG_COMPILER_GLOBAL_ACCENT_COLOR_NAME = AccentColor;
				CLANG_ENABLE_MODULES = YES;
				CODE_SIGN_ENTITLEMENTS = Ergz/Ergz.entitlements;
				CODE_SIGN_IDENTITY = "Apple Development";
				CODE_SIGN_STYLE = Automatic;
				CURRENT_PROJECT_VERSION = 4;
				DEVELOPMENT_ASSET_PATHS = "\"Ergz/Preview Content\"";
				DEVELOPMENT_TEAM = L4ZJSHSGN8;
				ENABLE_PREVIEWS = YES;
				INFOPLIST_FILE = Ergz/Info.plist;
				IPHONEOS_DEPLOYMENT_TARGET = 15.0;
				LD_RUNPATH_SEARCH_PATHS = (
					"$(inherited)",
					"@executable_path/Frameworks",
				);
				MARKETING_VERSION = 4.0;
				PRODUCT_BUNDLE_IDENTIFIER = space.chancellor.ergz;
				PRODUCT_NAME = "$(TARGET_NAME)";
				PROVISIONING_PROFILE_SPECIFIER = "";
				SWIFT_OBJC_BRIDGING_HEADER = "";
				SWIFT_VERSION = 5.0;
				TARGETED_DEVICE_FAMILY = "1,2";
			};
			name = Release;
		};
/* End XCBuildConfiguration section */

/* Begin XCConfigurationList section */
		03896027264F10F1008FC4AF /* Build configuration list for PBXProject "Ergz" */ = {
			isa = XCConfigurationList;
			buildConfigurations = (
				0389604F264F10F3008FC4AF /* Debug */,
				03896050264F10F3008FC4AF /* Release */,
			);
			defaultConfigurationIsVisible = 0;
			defaultConfigurationName = Release;
		};
		03896051264F10F3008FC4AF /* Build configuration list for PBXNativeTarget "Ergz" */ = {
			isa = XCConfigurationList;
			buildConfigurations = (
				03896052264F10F3008FC4AF /* Debug */,
				03896053264F10F3008FC4AF /* Release */,
			);
			defaultConfigurationIsVisible = 0;
			defaultConfigurationName = Release;
		};
/* End XCConfigurationList section */

/* Begin XCRemoteSwiftPackageReference section */
		03C5DFAC27E2979800FB3F7C /* XCRemoteSwiftPackageReference "ZIPFoundation" */ = {
			isa = XCRemoteSwiftPackageReference;
			repositoryURL = "https://github.com/weichsel/ZIPFoundation";
			requirement = {
				kind = upToNextMajorVersion;
				minimumVersion = 0.9.9;
			};
		};
		03D133D327E1068600CF971C /* XCRemoteSwiftPackageReference "GRDB" */ = {
			isa = XCRemoteSwiftPackageReference;
			repositoryURL = "https://github.com/groue/GRDB.swift";
			requirement = {
				branch = master;
				kind = branch;
			};
		};
/* End XCRemoteSwiftPackageReference section */

/* Begin XCSwiftPackageProductDependency section */
		03C5DFAA27E11F2800FB3F7C /* GRDB */ = {
			isa = XCSwiftPackageProductDependency;
			package = 03D133D327E1068600CF971C /* XCRemoteSwiftPackageReference "GRDB" */;
			productName = GRDB;
		};
		03C5DFAD27E2979800FB3F7C /* ZIPFoundation */ = {
			isa = XCSwiftPackageProductDependency;
			package = 03C5DFAC27E2979800FB3F7C /* XCRemoteSwiftPackageReference "ZIPFoundation" */;
			productName = ZIPFoundation;
		};
		03D133D727E106B800CF971C /* GRDB */ = {
			isa = XCSwiftPackageProductDependency;
			package = 03D133D327E1068600CF971C /* XCRemoteSwiftPackageReference "GRDB" */;
			productName = GRDB;
		};
/* End XCSwiftPackageProductDependency section */
	};
	rootObject = 03896024264F10F1008FC4AF /* Project object */;
}
